
Microsoft Visual Studio Solution File, Format Version 12.00
# Visual Studio 14
VisualStudioVersion = 14.0.25123.0
MinimumVisualStudioVersion = 10.0.40219.1
Project("{FAE04EC0-301F-11D3-BF4B-00C04F79EFBC}") = "SaveClicks", "SaveClicks\SaveClicks.csproj", "{E845C429-33A7-4FB5-AC72-709375723133}"
EndProject
Project("{FAE04EC0-301F-11D3-BF4B-00C04F79EFBC}") = "SaveClicks.Presentation", "SaveClicks.Presentation\SaveClicks.Presentation.csproj", "{3C03056B-5719-484E-9B66-4A14D97F4A65}"
EndProject
Project("{2150E333-8FDC-42A3-9474-1A3956D46DE8}") = "Tests", "Tests", "{C14BBD12-A440-4835-9102-B793557E7581}"
EndProject
Project("{FAE04EC0-301F-11D3-BF4B-00C04F79EFBC}") = "SaveClicks.Tests", "Tests\SaveClicks.Tests\SaveClicks.Tests.csproj", "{0A926796-8FBB-4D9A-B2D5-21F077BF6E07}"
EndProject
Project("{FAE04EC0-301F-11D3-BF4B-00C04F79EFBC}") = "Skuta.Testing", "Skuta.Testing\Skuta.Testing.csproj", "{F813E027-1989-43E1-8609-69D2AA3741FF}"
EndProject
Project("{FAE04EC0-301F-11D3-BF4B-00C04F79EFBC}") = "Skuta.Testing.Tests", "Tests\Skuta.Testing.Tests\Skuta.Testing.Tests.csproj", "{F4D9EFD9-21A1-4161-B102-0AF557377AAF}"
EndProject
Project("{2150E333-8FDC-42A3-9474-1A3956D46DE8}") = "Shared", "Shared", "{263E5968-CB80-4111-B7B1-EF29B5CDC7D8}"
	ProjectSection(SolutionItems) = preProject
		AssemblyVersion.cs = AssemblyVersion.cs
	EndProjectSection
EndProject
Global
	GlobalSection(SolutionConfigurationPlatforms) = preSolution
		Debug|Any CPU = Debug|Any CPU
		Debug|ARM = Debug|ARM
		Debug|x64 = Debug|x64
		Debug|x86 = Debug|x86
		Release|Any CPU = Release|Any CPU
		Release|ARM = Release|ARM
		Release|x64 = Release|x64
		Release|x86 = Release|x86
	EndGlobalSection
	GlobalSection(ProjectConfigurationPlatforms) = postSolution
		{E845C429-33A7-4FB5-AC72-709375723133}.Debug|Any CPU.ActiveCfg = Debug|Any CPU
		{E845C429-33A7-4FB5-AC72-709375723133}.Debug|Any CPU.Build.0 = Debug|Any CPU
		{E845C429-33A7-4FB5-AC72-709375723133}.Debug|ARM.ActiveCfg = Debug|Any CPU
		{E845C429-33A7-4FB5-AC72-709375723133}.Debug|ARM.Build.0 = Debug|Any CPU
		{E845C429-33A7-4FB5-AC72-709375723133}.Debug|x64.ActiveCfg = Debug|Any CPU
		{E845C429-33A7-4FB5-AC72-709375723133}.Debug|x64.Build.0 = Debug|Any CPU
		{E845C429-33A7-4FB5-AC72-709375723133}.Debug|x86.ActiveCfg = Debug|x86
		{E845C429-33A7-4FB5-AC72-709375723133}.Debug|x86.Build.0 = Debug|x86
		{E845C429-33A7-4FB5-AC72-709375723133}.Release|Any CPU.ActiveCfg = Release|Any CPU
		{E845C429-33A7-4FB5-AC72-709375723133}.Release|Any CPU.Build.0 = Release|Any CPU
		{E845C429-33A7-4FB5-AC72-709375723133}.Release|ARM.ActiveCfg = Release|Any CPU
		{E845C429-33A7-4FB5-AC72-709375723133}.Release|ARM.Build.0 = Release|Any CPU
		{E845C429-33A7-4FB5-AC72-709375723133}.Release|x64.ActiveCfg = Release|Any CPU
		{E845C429-33A7-4FB5-AC72-709375723133}.Release|x64.Build.0 = Release|Any CPU
		{E845C429-33A7-4FB5-AC72-709375723133}.Release|x86.ActiveCfg = Release|x86
		{E845C429-33A7-4FB5-AC72-709375723133}.Release|x86.Build.0 = Release|x86
		{3C03056B-5719-484E-9B66-4A14D97F4A65}.Debug|Any CPU.ActiveCfg = Debug|Any CPU
		{3C03056B-5719-484E-9B66-4A14D97F4A65}.Debug|Any CPU.Build.0 = Debug|Any CPU
		{3C03056B-5719-484E-9B66-4A14D97F4A65}.Debug|ARM.ActiveCfg = Debug|Any CPU
		{3C03056B-5719-484E-9B66-4A14D97F4A65}.Debug|ARM.Build.0 = Debug|Any CPU
		{3C03056B-5719-484E-9B66-4A14D97F4A65}.Debug|x64.ActiveCfg = Debug|Any CPU
		{3C03056B-5719-484E-9B66-4A14D97F4A65}.Debug|x64.Build.0 = Debug|Any CPU
		{3C03056B-5719-484E-9B66-4A14D97F4A65}.Debug|x86.ActiveCfg = Debug|Any CPU
		{3C03056B-5719-484E-9B66-4A14D97F4A65}.Debug|x86.Build.0 = Debug|Any CPU
		{3C03056B-5719-484E-9B66-4A14D97F4A65}.Release|Any CPU.ActiveCfg = Release|Any CPU
		{3C03056B-5719-484E-9B66-4A14D97F4A65}.Release|Any CPU.Build.0 = Release|Any CPU
		{3C03056B-5719-484E-9B66-4A14D97F4A65}.Release|ARM.ActiveCfg = Release|Any CPU
		{3C03056B-5719-484E-9B66-4A14D97F4A65}.Release|ARM.Build.0 = Release|Any CPU
		{3C03056B-5719-484E-9B66-4A14D97F4A65}.Release|x64.ActiveCfg = Release|Any CPU
		{3C03056B-5719-484E-9B66-4A14D97F4A65}.Release|x64.Build.0 = Release|Any CPU
		{3C03056B-5719-484E-9B66-4A14D97F4A65}.Release|x86.ActiveCfg = Release|x86
		{3C03056B-5719-484E-9B66-4A14D97F4A65}.Release|x86.Build.0 = Release|x86
		{0A926796-8FBB-4D9A-B2D5-21F077BF6E07}.Debug|Any CPU.ActiveCfg = Debug|Any CPU
		{0A926796-8FBB-4D9A-B2D5-21F077BF6E07}.Debug|Any CPU.Build.0 = Debug|Any CPU
		{0A926796-8FBB-4D9A-B2D5-21F077BF6E07}.Debug|ARM.ActiveCfg = Debug|Any CPU
		{0A926796-8FBB-4D9A-B2D5-21F077BF6E07}.Debug|ARM.Build.0 = Debug|Any CPU
		{0A926796-8FBB-4D9A-B2D5-21F077BF6E07}.Debug|x64.ActiveCfg = Debug|Any CPU
		{0A926796-8FBB-4D9A-B2D5-21F077BF6E07}.Debug|x64.Build.0 = Debug|Any CPU
		{0A926796-8FBB-4D9A-B2D5-21F077BF6E07}.Debug|x86.ActiveCfg = Debug|Any CPU
		{0A926796-8FBB-4D9A-B2D5-21F077BF6E07}.Debug|x86.Build.0 = Debug|Any CPU
		{0A926796-8FBB-4D9A-B2D5-21F077BF6E07}.Release|Any CPU.ActiveCfg = Release|Any CPU
		{0A926796-8FBB-4D9A-B2D5-21F077BF6E07}.Release|Any CPU.Build.0 = Release|Any CPU
		{0A926796-8FBB-4D9A-B2D5-21F077BF6E07}.Release|ARM.ActiveCfg = Release|Any CPU
		{0A926796-8FBB-4D9A-B2D5-21F077BF6E07}.Release|ARM.Build.0 = Release|Any CPU
		{0A926796-8FBB-4D9A-B2D5-21F077BF6E07}.Release|x64.ActiveCfg = Release|Any CPU
		{0A926796-8FBB-4D9A-B2D5-21F077BF6E07}.Release|x64.Build.0 = Release|Any CPU
		{0A926796-8FBB-4D9A-B2D5-21F077BF6E07}.Release|x86.ActiveCfg = Release|x86
		{0A926796-8FBB-4D9A-B2D5-21F077BF6E07}.Release|x86.Build.0 = Release|x86
		{F813E027-1989-43E1-8609-69D2AA3741FF}.Debug|Any CPU.ActiveCfg = Debug|Any CPU
		{F813E027-1989-43E1-8609-69D2AA3741FF}.Debug|Any CPU.Build.0 = Debug|Any CPU
		{F813E027-1989-43E1-8609-69D2AA3741FF}.Debug|ARM.ActiveCfg = Debug|Any CPU
		{F813E027-1989-43E1-8609-69D2AA3741FF}.Debug|ARM.Build.0 = Debug|Any CPU
		{F813E027-1989-43E1-8609-69D2AA3741FF}.Debug|x64.ActiveCfg = Debug|Any CPU
		{F813E027-1989-43E1-8609-69D2AA3741FF}.Debug|x64.Build.0 = Debug|Any CPU
		{F813E027-1989-43E1-8609-69D2AA3741FF}.Debug|x86.ActiveCfg = Debug|Any CPU
		{F813E027-1989-43E1-8609-69D2AA3741FF}.Debug|x86.Build.0 = Debug|Any CPU
		{F813E027-1989-43E1-8609-69D2AA3741FF}.Release|Any CPU.ActiveCfg = Release|Any CPU
		{F813E027-1989-43E1-8609-69D2AA3741FF}.Release|Any CPU.Build.0 = Release|Any CPU
		{F813E027-1989-43E1-8609-69D2AA3741FF}.Release|ARM.ActiveCfg = Release|Any CPU
		{F813E027-1989-43E1-8609-69D2AA3741FF}.Release|ARM.Build.0 = Release|Any CPU
		{F813E027-1989-43E1-8609-69D2AA3741FF}.Release|x64.ActiveCfg = Release|Any CPU
		{F813E027-1989-43E1-8609-69D2AA3741FF}.Release|x64.Build.0 = Release|Any CPU
		{F813E027-1989-43E1-8609-69D2AA3741FF}.Release|x86.ActiveCfg = Release|Any CPU
		{F813E027-1989-43E1-8609-69D2AA3741FF}.Release|x86.Build.0 = Release|Any CPU
		{F4D9EFD9-21A1-4161-B102-0AF557377AAF}.Debug|Any CPU.ActiveCfg = Debug|Any CPU
		{F4D9EFD9-21A1-4161-B102-0AF557377AAF}.Debug|Any CPU.Build.0 = Debug|Any CPU
		{F4D9EFD9-21A1-4161-B102-0AF557377AAF}.Debug|ARM.ActiveCfg = Debug|Any CPU
		{F4D9EFD9-21A1-4161-B102-0AF557377AAF}.Debug|ARM.Build.0 = Debug|Any CPU
		{F4D9EFD9-21A1-4161-B102-0AF557377AAF}.Debug|x64.ActiveCfg = Debug|Any CPU
		{F4D9EFD9-21A1-4161-B102-0AF557377AAF}.Debug|x64.Build.0 = Debug|Any CPU
		{F4D9EFD9-21A1-4161-B102-0AF557377AAF}.Debug|x86.ActiveCfg = Debug|Any CPU
		{F4D9EFD9-21A1-4161-B102-0AF557377AAF}.Debug|x86.Build.0 = Debug|Any CPU
		{F4D9EFD9-21A1-4161-B102-0AF557377AAF}.Release|Any CPU.ActiveCfg = Release|Any CPU
		{F4D9EFD9-21A1-4161-B102-0AF557377AAF}.Release|Any CPU.Build.0 = Release|Any CPU
		{F4D9EFD9-21A1-4161-B102-0AF557377AAF}.Release|ARM.ActiveCfg = Release|Any CPU
		{F4D9EFD9-21A1-4161-B102-0AF557377AAF}.Release|ARM.Build.0 = Release|Any CPU
		{F4D9EFD9-21A1-4161-B102-0AF557377AAF}.Release|x64.ActiveCfg = Release|Any CPU
		{F4D9EFD9-21A1-4161-B102-0AF557377AAF}.Release|x64.Build.0 = Release|Any CPU
		{F4D9EFD9-21A1-4161-B102-0AF557377AAF}.Release|x86.ActiveCfg = Release|Any CPU
		{F4D9EFD9-21A1-4161-B102-0AF557377AAF}.Release|x86.Build.0 = Release|Any CPU
	EndGlobalSection
	GlobalSection(SolutionProperties) = preSolution
		HideSolutionNode = FALSE
	EndGlobalSection
	GlobalSection(NestedProjects) = preSolution
		{0A926796-8FBB-4D9A-B2D5-21F077BF6E07} = {C14BBD12-A440-4835-9102-B793557E7581}
		{F4D9EFD9-21A1-4161-B102-0AF557377AAF} = {C14BBD12-A440-4835-9102-B793557E7581}
	EndGlobalSection
EndGlobal
